
Microsoft Visual Studio Solution File, Format Version 12.00
# Visual Studio 15
Project("{FAE04EC0-301F-11D3-BF4B-00C04F79EFBC}") = "DesignPatterns", "DesignPatterns.csproj", "{305607BD-AF3F-4C57-B61B-98C4A4B9878F}"
EndProject
Global
	GlobalSection(SolutionConfigurationPlatforms) = preSolution
		Debug|Any CPU = Debug|Any CPU
		Release|Any CPU = Release|Any CPU
	EndGlobalSection
	GlobalSection(ProjectConfigurationPlatforms) = postSolution
		{305607BD-AF3F-4C57-B61B-98C4A4B9878F}.Debug|Any CPU.ActiveCfg = Debug|Any CPU
		{305607BD-AF3F-4C57-B61B-98C4A4B9878F}.Debug|Any CPU.Build.0 = Debug|Any CPU
		{305607BD-AF3F-4C57-B61B-98C4A4B9878F}.Release|Any CPU.ActiveCfg = Release|Any CPU
		{305607BD-AF3F-4C57-B61B-98C4A4B9878F}.Release|Any CPU.Build.0 = Release|Any CPU
	EndGlobalSection
EndGlobal
